Microsoft Visual Studio Solution File, Format Version 12.00
# Visual Studio 15
VisualStudioVersion = 15.0.28010.2050
MinimumVisualStudioVersion = 10.0.40219.1
Project("{8BC9CEB8-8B4A-11D0-8D11-00A0C91BC942}") = "DeferredShadingMSAA", "DeferredShadingMSAA\build\DeferredShadingMSAA.vcxproj", "{01CA5BE2-9458-C23E-DF35-09920A74A098}"
	ProjectSection(ProjectDependencies) = postProject
		{D845EF35-3B62-0D65-DB88-1589946D3F28} = {D845EF35-3B62-0D65-DB88-1589946D3F28}
		{60297368-40D0-A29B-A2C0-714841945DE0} = {60297368-40D0-A29B-A2C0-714841945DE0}
		{1B5408AA-9214-FCC0-3C5C-59B660C07A08} = {1B5408AA-9214-FCC0-3C5C-59B660C07A08}
		{B5177C03-109A-A80C-DD16-0727FA44BFF3} = {B5177C03-109A-A80C-DD16-0727FA44BFF3}
		{6826558F-EF03-0A5E-6628-D07363F5E6A0} = {6826558F-EF03-0A5E-6628-D07363F5E6A0}
		{73279F07-FECB-C33E-5ACB-FBDD1A77A728} = {73279F07-FECB-C33E-5ACB-FBDD1A77A728}
		{A717928C-B4E4-0DBA-1F9B-2044B1B2A6F9} = {A717928C-B4E4-0DBA-1F9B-2044B1B2A6F9}
		{6209A624-E0C4-3EB2-EEE2-E7B434B0E876} = {6209A624-E0C4-3EB2-EEE2-E7B434B0E876}
		{7B07CE8A-72CE-1F32-5039-88C256EA7899} = {7B07CE8A-72CE-1F32-5039-88C256EA7899}
		{3A25E336-B4DE-1D5C-7C22-DED8B46DBB84} = {3A25E336-B4DE-1D5C-7C22-DED8B46DBB84}
	EndProjectSection
EndProject
Project("{8BC9CEB8-8B4A-11D0-8D11-00A0C91BC942}") = "NsFoundation", "extensions\build\NsFoundation.vcxproj", "{D845EF35-3B62-0D65-DB88-1589946D3F28}"
EndProject
Project("{8BC9CEB8-8B4A-11D0-8D11-00A0C91BC942}") = "NvAppBase", "extensions\build\NvAppBase.vcxproj", "{60297368-40D0-A29B-A2C0-714841945DE0}"
EndProject
Project("{8BC9CEB8-8B4A-11D0-8D11-00A0C91BC942}") = "NvModel", "extensions\build\NvModel.vcxproj", "{B5177C03-109A-A80C-DD16-0727FA44BFF3}"
EndProject
Project("{8BC9CEB8-8B4A-11D0-8D11-00A0C91BC942}") = "NvEGLUtil", "extensions\build\NvEGLUtil.vcxproj", "{3A25E336-B4DE-1D5C-7C22-DED8B46DBB84}"
EndProject
Project("{8BC9CEB8-8B4A-11D0-8D11-00A0C91BC942}") = "NvGLUtils", "extensions\build\NvGLUtils.vcxproj", "{6826558F-EF03-0A5E-6628-D07363F5E6A0}"
EndProject
Project("{8BC9CEB8-8B4A-11D0-8D11-00A0C91BC942}") = "NvGamepad", "extensions\build\NvGamepad.vcxproj", "{73279F07-FECB-C33E-5ACB-FBDD1A77A728}"
EndProject
Project("{8BC9CEB8-8B4A-11D0-8D11-00A0C91BC942}") = "NvImage", "extensions\build\NvImage.vcxproj", "{A717928C-B4E4-0DBA-1F9B-2044B1B2A6F9}"
EndProject
Project("{8BC9CEB8-8B4A-11D0-8D11-00A0C91BC942}") = "NvAssetLoader", "extensions\build\NvAssetLoader.vcxproj", "{1B5408AA-9214-FCC0-3C5C-59B660C07A08}"
EndProject
Project("{8BC9CEB8-8B4A-11D0-8D11-00A0C91BC942}") = "NvUI", "extensions\build\NvUI.vcxproj", "{6209A624-E0C4-3EB2-EEE2-E7B434B0E876}"
EndProject
Project("{8BC9CEB8-8B4A-11D0-8D11-00A0C91BC942}") = "Half", "extensions\externals\build\Half.vcxproj", "{7B07CE8A-72CE-1F32-5039-88C256EA7899}"
EndProject
Project("{8BC9CEB8-8B4A-11D0-8D11-00A0C91BC942}") = "cg4cpp", "extensions\externals\build\cg4cpp.vcxproj", "{4112EB99-6B21-D171-D292-424A65BE95A6}"
EndProject
Project("{2150E333-8FDC-42A3-9474-1A3956D46DE8}") = "3rd", "3rd", "{28F42CFF-53FC-4FCC-A82D-FB9F888427FF}"
EndProject
Global
	GlobalSection(SolutionConfigurationPlatforms) = preSolution
		debug|x64 = debug|x64
		release|x64 = release|x64
	EndGlobalSection
	GlobalSection(ProjectConfigurationPlatforms) = postSolution
		{01CA5BE2-9458-C23E-DF35-09920A74A098}.debug|x64.ActiveCfg = debug|x64
		{01CA5BE2-9458-C23E-DF35-09920A74A098}.debug|x64.Build.0 = debug|x64
		{01CA5BE2-9458-C23E-DF35-09920A74A098}.release|x64.ActiveCfg = release|x64
		{01CA5BE2-9458-C23E-DF35-09920A74A098}.release|x64.Build.0 = release|x64
		{D845EF35-3B62-0D65-DB88-1589946D3F28}.debug|x64.ActiveCfg = debug|x64
		{D845EF35-3B62-0D65-DB88-1589946D3F28}.debug|x64.Build.0 = debug|x64
		{D845EF35-3B62-0D65-DB88-1589946D3F28}.release|x64.ActiveCfg = release|x64
		{D845EF35-3B62-0D65-DB88-1589946D3F28}.release|x64.Build.0 = release|x64
		{60297368-40D0-A29B-A2C0-714841945DE0}.debug|x64.ActiveCfg = debug|x64
		{60297368-40D0-A29B-A2C0-714841945DE0}.debug|x64.Build.0 = debug|x64
		{60297368-40D0-A29B-A2C0-714841945DE0}.release|x64.ActiveCfg = release|x64
		{60297368-40D0-A29B-A2C0-714841945DE0}.release|x64.Build.0 = release|x64
		{B5177C03-109A-A80C-DD16-0727FA44BFF3}.debug|x64.ActiveCfg = debug|x64
		{B5177C03-109A-A80C-DD16-0727FA44BFF3}.debug|x64.Build.0 = debug|x64
		{B5177C03-109A-A80C-DD16-0727FA44BFF3}.release|x64.ActiveCfg = release|x64
		{B5177C03-109A-A80C-DD16-0727FA44BFF3}.release|x64.Build.0 = release|x64
		{3A25E336-B4DE-1D5C-7C22-DED8B46DBB84}.debug|x64.ActiveCfg = debug|x64
		{3A25E336-B4DE-1D5C-7C22-DED8B46DBB84}.debug|x64.Build.0 = debug|x64
		{3A25E336-B4DE-1D5C-7C22-DED8B46DBB84}.release|x64.ActiveCfg = release|x64
		{3A25E336-B4DE-1D5C-7C22-DED8B46DBB84}.release|x64.Build.0 = release|x64
		{6826558F-EF03-0A5E-6628-D07363F5E6A0}.debug|x64.ActiveCfg = debug|x64
		{6826558F-EF03-0A5E-6628-D07363F5E6A0}.debug|x64.Build.0 = debug|x64
		{6826558F-EF03-0A5E-6628-D07363F5E6A0}.release|x64.ActiveCfg = release|x64
		{6826558F-EF03-0A5E-6628-D07363F5E6A0}.release|x64.Build.0 = release|x64
		{73279F07-FECB-C33E-5ACB-FBDD1A77A728}.debug|x64.ActiveCfg = debug|x64
		{73279F07-FECB-C33E-5ACB-FBDD1A77A728}.debug|x64.Build.0 = debug|x64
		{73279F07-FECB-C33E-5ACB-FBDD1A77A728}.release|x64.ActiveCfg = release|x64
		{73279F07-FECB-C33E-5ACB-FBDD1A77A728}.release|x64.Build.0 = release|x64
		{A717928C-B4E4-0DBA-1F9B-2044B1B2A6F9}.debug|x64.ActiveCfg = debug|x64
		{A717928C-B4E4-0DBA-1F9B-2044B1B2A6F9}.debug|x64.Build.0 = debug|x64
		{A717928C-B4E4-0DBA-1F9B-2044B1B2A6F9}.release|x64.ActiveCfg = release|x64
		{A717928C-B4E4-0DBA-1F9B-2044B1B2A6F9}.release|x64.Build.0 = release|x64
		{1B5408AA-9214-FCC0-3C5C-59B660C07A08}.debug|x64.ActiveCfg = debug|x64
		{1B5408AA-9214-FCC0-3C5C-59B660C07A08}.debug|x64.Build.0 = debug|x64
		{1B5408AA-9214-FCC0-3C5C-59B660C07A08}.release|x64.ActiveCfg = release|x64
		{1B5408AA-9214-FCC0-3C5C-59B660C07A08}.release|x64.Build.0 = release|x64
		{6209A624-E0C4-3EB2-EEE2-E7B434B0E876}.debug|x64.ActiveCfg = debug|x64
		{6209A624-E0C4-3EB2-EEE2-E7B434B0E876}.debug|x64.Build.0 = debug|x64
		{6209A624-E0C4-3EB2-EEE2-E7B434B0E876}.release|x64.ActiveCfg = release|x64
		{6209A624-E0C4-3EB2-EEE2-E7B434B0E876}.release|x64.Build.0 = release|x64
		{7B07CE8A-72CE-1F32-5039-88C256EA7899}.debug|x64.ActiveCfg = debug|x64
		{7B07CE8A-72CE-1F32-5039-88C256EA7899}.debug|x64.Build.0 = debug|x64
		{7B07CE8A-72CE-1F32-5039-88C256EA7899}.release|x64.ActiveCfg = release|x64
		{7B07CE8A-72CE-1F32-5039-88C256EA7899}.release|x64.Build.0 = release|x64
		{4112EB99-6B21-D171-D292-424A65BE95A6}.debug|x64.ActiveCfg = debug|x64
		{4112EB99-6B21-D171-D292-424A65BE95A6}.debug|x64.Build.0 = debug|x64
		{4112EB99-6B21-D171-D292-424A65BE95A6}.release|x64.ActiveCfg = release|x64
		{4112EB99-6B21-D171-D292-424A65BE95A6}.release|x64.Build.0 = release|x64
	EndGlobalSection
	GlobalSection(SolutionProperties) = preSolution
		HideSolutionNode = FALSE
	EndGlobalSection
	GlobalSection(NestedProjects) = preSolution
		{D845EF35-3B62-0D65-DB88-1589946D3F28} = {28F42CFF-53FC-4FCC-A82D-FB9F888427FF}
		{60297368-40D0-A29B-A2C0-714841945DE0} = {28F42CFF-53FC-4FCC-A82D-FB9F888427FF}
		{B5177C03-109A-A80C-DD16-0727FA44BFF3} = {28F42CFF-53FC-4FCC-A82D-FB9F888427FF}
		{3A25E336-B4DE-1D5C-7C22-DED8B46DBB84} = {28F42CFF-53FC-4FCC-A82D-FB9F888427FF}
		{6826558F-EF03-0A5E-6628-D07363F5E6A0} = {28F42CFF-53FC-4FCC-A82D-FB9F888427FF}
		{73279F07-FECB-C33E-5ACB-FBDD1A77A728} = {28F42CFF-53FC-4FCC-A82D-FB9F888427FF}
		{A717928C-B4E4-0DBA-1F9B-2044B1B2A6F9} = {28F42CFF-53FC-4FCC-A82D-FB9F888427FF}
		{1B5408AA-9214-FCC0-3C5C-59B660C07A08} = {28F42CFF-53FC-4FCC-A82D-FB9F888427FF}
		{6209A624-E0C4-3EB2-EEE2-E7B434B0E876} = {28F42CFF-53FC-4FCC-A82D-FB9F888427FF}
		{7B07CE8A-72CE-1F32-5039-88C256EA7899} = {28F42CFF-53FC-4FCC-A82D-FB9F888427FF}
		{4112EB99-6B21-D171-D292-424A65BE95A6} = {28F42CFF-53FC-4FCC-A82D-FB9F888427FF}
	EndGlobalSection
	GlobalSection(ExtensibilityGlobals) = postSolution
		SolutionGuid = {51AB1666-9FAE-4494-9B6B-788C1A1AF989}
	EndGlobalSection
EndGlobal
